// !$*UTF8*$!
{
	archiveVersion = 1;
	classes = {
	};
	objectVersion = 56;
	objects = {

/* Begin PBXBuildFile section */
		45F079832C6B383A006A5E23 /* AppDelegate.swift in Sources */ = {isa = PBXBuildFile; fileRef = 45F079822C6B383A006A5E23 /* AppDelegate.swift */; };
		45F079852C6B383A006A5E23 /* SceneDelegate.swift in Sources */ = {isa = PBXBuildFile; fileRef = 45F079842C6B383A006A5E23 /* SceneDelegate.swift */; };
		45F079872C6B383A006A5E23 /* ViewController.swift in Sources */ = {isa = PBXBuildFile; fileRef = 45F079862C6B383A006A5E23 /* ViewController.swift */; };
		45F0798A2C6B383A006A5E23 /* Main.storyboard in Resources */ = {isa = PBXBuildFile; fileRef = 45F079882C6B383A006A5E23 /* Main.storyboard */; };
		45F0798D2C6B383A006A5E23 /* MyWeather.xcdatamodeld in Sources */ = {isa = PBXBuildFile; fileRef = 45F0798B2C6B383A006A5E23 /* MyWeather.xcdatamodeld */; };
		45F0798F2C6B383C006A5E23 /* Assets.xcassets in Resources */ = {isa = PBXBuildFile; fileRef = 45F0798E2C6B383C006A5E23 /* Assets.xcassets */; };
		45F079922C6B383C006A5E23 /* LaunchScreen.storyboard in Resources */ = {isa = PBXBuildFile; fileRef = 45F079902C6B383C006A5E23 /* LaunchScreen.storyboard */; };
		45F0799D2C6B383C006A5E23 /* MyWeatherTests.swift in Sources */ = {isa = PBXBuildFile; fileRef = 45F0799C2C6B383C006A5E23 /* MyWeatherTests.swift */; };
		45F079A72C6B383C006A5E23 /* MyWeatherUITests.swift in Sources */ = {isa = PBXBuildFile; fileRef = 45F079A62C6B383C006A5E23 /* MyWeatherUITests.swift */; };
		45F079A92C6B383C006A5E23 /* MyWeatherUITestsLaunchTests.swift in Sources */ = {isa = PBXBuildFile; fileRef = 45F079A82C6B383C006A5E23 /* MyWeatherUITestsLaunchTests.swift */; };
		45F079B72C6B424E006A5E23 /* Service Errors.swift in Sources */ = {isa = PBXBuildFile; fileRef = 45F079B62C6B424E006A5E23 /* Service Errors.swift */; };
		45F079B92C6B4257006A5E23 /* Constants.swift in Sources */ = {isa = PBXBuildFile; fileRef = 45F079B82C6B4257006A5E23 /* Constants.swift */; };
		45F079BC2C6B426D006A5E23 /* API Handler.swift in Sources */ = {isa = PBXBuildFile; fileRef = 45F079BB2C6B426D006A5E23 /* API Handler.swift */; };
		45F079C02C6B5B9C006A5E23 /* WeatherHomeScreenRepository.swift in Sources */ = {isa = PBXBuildFile; fileRef = 45F079BF2C6B5B9C006A5E23 /* WeatherHomeScreenRepository.swift */; };
		45F079C22C6B5BBC006A5E23 /* WeatherHomeScreenModel.swift in Sources */ = {isa = PBXBuildFile; fileRef = 45F079C12C6B5BBC006A5E23 /* WeatherHomeScreenModel.swift */; };
		45F079C42C6B5BE2006A5E23 /* WeatherHomeScreenViewController.swift in Sources */ = {isa = PBXBuildFile; fileRef = 45F079C32C6B5BE2006A5E23 /* WeatherHomeScreenViewController.swift */; };
		45F079C62C6B5BF3006A5E23 /* WeatherHomeScreenViewModel.swift in Sources */ = {isa = PBXBuildFile; fileRef = 45F079C52C6B5BF3006A5E23 /* WeatherHomeScreenViewModel.swift */; };
		45F079C82C6B5C04006A5E23 /* WeatherHomeScreen.storyboard in Resources */ = {isa = PBXBuildFile; fileRef = 45F079C72C6B5C04006A5E23 /* WeatherHomeScreen.storyboard */; };
		45F079CB2C6B5C5C006A5E23 /* WeatherHomeScreenTableViewCell.swift in Sources */ = {isa = PBXBuildFile; fileRef = 45F079CA2C6B5C5C006A5E23 /* WeatherHomeScreenTableViewCell.swift */; };
		45F079CD2C6B5C72006A5E23 /* WeatherHomeScreenTableViewCell.xib in Resources */ = {isa = PBXBuildFile; fileRef = 45F079CC2C6B5C72006A5E23 /* WeatherHomeScreenTableViewCell.xib */; };
		45F079D32C6E6D63006A5E23 /* WeatherFavouritesScreen.storyboard in Resources */ = {isa = PBXBuildFile; fileRef = 45F079D22C6E6D63006A5E23 /* WeatherFavouritesScreen.storyboard */; };
		45F079D52C6E6D79006A5E23 /* WeatherFavouritesScreenViewModel.swift in Sources */ = {isa = PBXBuildFile; fileRef = 45F079D42C6E6D79006A5E23 /* WeatherFavouritesScreenViewModel.swift */; };
		45F079D72C6E6D9C006A5E23 /* WeatherFavouritesScreenViewController.swift in Sources */ = {isa = PBXBuildFile; fileRef = 45F079D62C6E6D9C006A5E23 /* WeatherFavouritesScreenViewController.swift */; };
		45F079DA2C6E6DD4006A5E23 /* WeatherFavouritesScreenTableViewCell.swift in Sources */ = {isa = PBXBuildFile; fileRef = 45F079D92C6E6DD4006A5E23 /* WeatherFavouritesScreenTableViewCell.swift */; };
/* End PBXBuildFile section */

/* Begin PBXContainerItemProxy section */
		45F079992C6B383C006A5E23 /* PBXContainerItemProxy */ = {
			isa = PBXContainerItemProxy;
			containerPortal = 45F079772C6B383A006A5E23 /* Project object */;
			proxyType = 1;
			remoteGlobalIDString = 45F0797E2C6B383A006A5E23;
			remoteInfo = MyWeather;
		};
		45F079A32C6B383C006A5E23 /* PBXContainerItemProxy */ = {
			isa = PBXContainerItemProxy;
			containerPortal = 45F079772C6B383A006A5E23 /* Project object */;
			proxyType = 1;
			remoteGlobalIDString = 45F0797E2C6B383A006A5E23;
			remoteInfo = MyWeather;
		};
/* End PBXContainerItemProxy section */

/* Begin PBXFileReference section */
		45F0797F2C6B383A006A5E23 /* MyWeather.app */ = {isa = PBXFileReference; explicitFileType = wrapper.application; includeInIndex = 0; path = MyWeather.app; sourceTree = BUILT_PRODUCTS_DIR; };
		45F079822C6B383A006A5E23 /* AppDelegate.swift */ = {isa = PBXFileReference; lastKnownFileType = sourcecode.swift; path = AppDelegate.swift; sourceTree = "<group>"; };
		45F079842C6B383A006A5E23 /* SceneDelegate.swift */ = {isa = PBXFileReference; lastKnownFileType = sourcecode.swift; path = SceneDelegate.swift; sourceTree = "<group>"; };
		45F079862C6B383A006A5E23 /* ViewController.swift */ = {isa = PBXFileReference; lastKnownFileType = sourcecode.swift; path = ViewController.swift; sourceTree = "<group>"; };
		45F079892C6B383A006A5E23 /* Base */ = {isa = PBXFileReference; lastKnownFileType = file.storyboard; name = Base; path = Base.lproj/Main.storyboard; sourceTree = "<group>"; };
		45F0798C2C6B383A006A5E23 /* MyWeather.xcdatamodel */ = {isa = PBXFileReference; lastKnownFileType = wrapper.xcdatamodel; path = MyWeather.xcdatamodel; sourceTree = "<group>"; };
		45F0798E2C6B383C006A5E23 /* Assets.xcassets */ = {isa = PBXFileReference; lastKnownFileType = folder.assetcatalog; path = Assets.xcassets; sourceTree = "<group>"; };
		45F079912C6B383C006A5E23 /* Base */ = {isa = PBXFileReference; lastKnownFileType = file.storyboard; name = Base; path = Base.lproj/LaunchScreen.storyboard; sourceTree = "<group>"; };
		45F079932C6B383C006A5E23 /* Info.plist */ = {isa = PBXFileReference; lastKnownFileType = text.plist.xml; path = Info.plist; sourceTree = "<group>"; };
		45F079982C6B383C006A5E23 /* MyWeatherTests.xctest */ = {isa = PBXFileReference; explicitFileType = wrapper.cfbundle; includeInIndex = 0; path = MyWeatherTests.xctest; sourceTree = BUILT_PRODUCTS_DIR; };
		45F0799C2C6B383C006A5E23 /* MyWeatherTests.swift */ = {isa = PBXFileReference; lastKnownFileType = sourcecode.swift; path = MyWeatherTests.swift; sourceTree = "<group>"; };
		45F079A22C6B383C006A5E23 /* MyWeatherUITests.xctest */ = {isa = PBXFileReference; explicitFileType = wrapper.cfbundle; includeInIndex = 0; path = MyWeatherUITests.xctest; sourceTree = BUILT_PRODUCTS_DIR; };
		45F079A62C6B383C006A5E23 /* MyWeatherUITests.swift */ = {isa = PBXFileReference; lastKnownFileType = sourcecode.swift; path = MyWeatherUITests.swift; sourceTree = "<group>"; };
		45F079A82C6B383C006A5E23 /* MyWeatherUITestsLaunchTests.swift */ = {isa = PBXFileReference; lastKnownFileType = sourcecode.swift; path = MyWeatherUITestsLaunchTests.swift; sourceTree = "<group>"; };
		45F079B62C6B424E006A5E23 /* Service Errors.swift */ = {isa = PBXFileReference; lastKnownFileType = sourcecode.swift; path = "Service Errors.swift"; sourceTree = "<group>"; };
		45F079B82C6B4257006A5E23 /* Constants.swift */ = {isa = PBXFileReference; lastKnownFileType = sourcecode.swift; path = Constants.swift; sourceTree = "<group>"; };
		45F079BB2C6B426D006A5E23 /* API Handler.swift */ = {isa = PBXFileReference; lastKnownFileType = sourcecode.swift; path = "API Handler.swift"; sourceTree = "<group>"; };
		45F079BF2C6B5B9C006A5E23 /* WeatherHomeScreenRepository.swift */ = {isa = PBXFileReference; lastKnownFileType = sourcecode.swift; path = WeatherHomeScreenRepository.swift; sourceTree = "<group>"; };
		45F079C12C6B5BBC006A5E23 /* WeatherHomeScreenModel.swift */ = {isa = PBXFileReference; lastKnownFileType = sourcecode.swift; path = WeatherHomeScreenModel.swift; sourceTree = "<group>"; };
		45F079C32C6B5BE2006A5E23 /* WeatherHomeScreenViewController.swift */ = {isa = PBXFileReference; lastKnownFileType = sourcecode.swift; path = WeatherHomeScreenViewController.swift; sourceTree = "<group>"; };
		45F079C52C6B5BF3006A5E23 /* WeatherHomeScreenViewModel.swift */ = {isa = PBXFileReference; lastKnownFileType = sourcecode.swift; path = WeatherHomeScreenViewModel.swift; sourceTree = "<group>"; };
		45F079C72C6B5C04006A5E23 /* WeatherHomeScreen.storyboard */ = {isa = PBXFileReference; lastKnownFileType = file.storyboard; path = WeatherHomeScreen.storyboard; sourceTree = "<group>"; };
		45F079CA2C6B5C5C006A5E23 /* WeatherHomeScreenTableViewCell.swift */ = {isa = PBXFileReference; lastKnownFileType = sourcecode.swift; path = WeatherHomeScreenTableViewCell.swift; sourceTree = "<group>"; };
		45F079CC2C6B5C72006A5E23 /* WeatherHomeScreenTableViewCell.xib */ = {isa = PBXFileReference; lastKnownFileType = file.xib; path = WeatherHomeScreenTableViewCell.xib; sourceTree = "<group>"; };
		45F079D22C6E6D63006A5E23 /* WeatherFavouritesScreen.storyboard */ = {isa = PBXFileReference; lastKnownFileType = file.storyboard; path = WeatherFavouritesScreen.storyboard; sourceTree = "<group>"; };
		45F079D42C6E6D79006A5E23 /* WeatherFavouritesScreenViewModel.swift */ = {isa = PBXFileReference; lastKnownFileType = sourcecode.swift; path = WeatherFavouritesScreenViewModel.swift; sourceTree = "<group>"; };
		45F079D62C6E6D9C006A5E23 /* WeatherFavouritesScreenViewController.swift */ = {isa = PBXFileReference; lastKnownFileType = sourcecode.swift; path = WeatherFavouritesScreenViewController.swift; sourceTree = "<group>"; };
		45F079D92C6E6DD4006A5E23 /* WeatherFavouritesScreenTableViewCell.swift */ = {isa = PBXFileReference; lastKnownFileType = sourcecode.swift; path = WeatherFavouritesScreenTableViewCell.swift; sourceTree = "<group>"; };
/* End PBXFileReference section */

/* Begin PBXFrameworksBuildPhase section */
		45F0797C2C6B383A006A5E23 /* Frameworks */ = {
			isa = PBXFrameworksBuildPhase;
			buildActionMask = 2147483647;
			files = (
			);
			runOnlyForDeploymentPostprocessing = 0;
		};
		45F079952C6B383C006A5E23 /* Frameworks */ = {
			isa = PBXFrameworksBuildPhase;
			buildActionMask = 2147483647;
			files = (
			);
			runOnlyForDeploymentPostprocessing = 0;
		};
		45F0799F2C6B383C006A5E23 /* Frameworks */ = {
			isa = PBXFrameworksBuildPhase;
			buildActionMask = 2147483647;
			files = (
			);
			runOnlyForDeploymentPostprocessing = 0;
		};
/* End PBXFrameworksBuildPhase section */

/* Begin PBXGroup section */
		45F079762C6B383A006A5E23 = {
			isa = PBXGroup;
			children = (
				45F079812C6B383A006A5E23 /* MyWeather */,
				45F0799B2C6B383C006A5E23 /* MyWeatherTests */,
				45F079A52C6B383C006A5E23 /* MyWeatherUITests */,
				45F079802C6B383A006A5E23 /* Products */,
			);
			sourceTree = "<group>";
		};
		45F079802C6B383A006A5E23 /* Products */ = {
			isa = PBXGroup;
			children = (
				45F0797F2C6B383A006A5E23 /* MyWeather.app */,
				45F079982C6B383C006A5E23 /* MyWeatherTests.xctest */,
				45F079A22C6B383C006A5E23 /* MyWeatherUITests.xctest */,
			);
			name = Products;
			sourceTree = "<group>";
		};
		45F079812C6B383A006A5E23 /* MyWeather */ = {
			isa = PBXGroup;
			children = (
				45F079CE2C6E6CC7006A5E23 /* WeatherFavouritesScreen */,
				45F079BD2C6B5B50006A5E23 /* WeatherHomeScreen */,
				45F079B52C6B423C006A5E23 /* ServiceLayer */,
				45F079822C6B383A006A5E23 /* AppDelegate.swift */,
				45F079842C6B383A006A5E23 /* SceneDelegate.swift */,
				45F079862C6B383A006A5E23 /* ViewController.swift */,
				45F079882C6B383A006A5E23 /* Main.storyboard */,
				45F0798E2C6B383C006A5E23 /* Assets.xcassets */,
				45F079902C6B383C006A5E23 /* LaunchScreen.storyboard */,
				45F079932C6B383C006A5E23 /* Info.plist */,
				45F0798B2C6B383A006A5E23 /* MyWeather.xcdatamodeld */,
			);
			path = MyWeather;
			sourceTree = "<group>";
		};
		45F0799B2C6B383C006A5E23 /* MyWeatherTests */ = {
			isa = PBXGroup;
			children = (
				45F0799C2C6B383C006A5E23 /* MyWeatherTests.swift */,
			);
			path = MyWeatherTests;
			sourceTree = "<group>";
		};
		45F079A52C6B383C006A5E23 /* MyWeatherUITests */ = {
			isa = PBXGroup;
			children = (
				45F079A62C6B383C006A5E23 /* MyWeatherUITests.swift */,
				45F079A82C6B383C006A5E23 /* MyWeatherUITestsLaunchTests.swift */,
			);
			path = MyWeatherUITests;
			sourceTree = "<group>";
		};
		45F079B52C6B423C006A5E23 /* ServiceLayer */ = {
			isa = PBXGroup;
			children = (
				45F079B62C6B424E006A5E23 /* Service Errors.swift */,
				45F079B82C6B4257006A5E23 /* Constants.swift */,
				45F079BB2C6B426D006A5E23 /* API Handler.swift */,
			);
			path = ServiceLayer;
			sourceTree = "<group>";
		};
		45F079BD2C6B5B50006A5E23 /* WeatherHomeScreen */ = {
			isa = PBXGroup;
			children = (
				45F079C92C6B5C14006A5E23 /* TableViewCell */,
				45F079BE2C6B5B64006A5E23 /* Repository */,
				45F079C32C6B5BE2006A5E23 /* WeatherHomeScreenViewController.swift */,
				45F079C52C6B5BF3006A5E23 /* WeatherHomeScreenViewModel.swift */,
				45F079C72C6B5C04006A5E23 /* WeatherHomeScreen.storyboard */,
			);
			path = WeatherHomeScreen;
			sourceTree = "<group>";
		};
		45F079BE2C6B5B64006A5E23 /* Repository */ = {
			isa = PBXGroup;
			children = (
				45F079BF2C6B5B9C006A5E23 /* WeatherHomeScreenRepository.swift */,
				45F079C12C6B5BBC006A5E23 /* WeatherHomeScreenModel.swift */,
			);
			path = Repository;
			sourceTree = "<group>";
		};
		45F079C92C6B5C14006A5E23 /* TableViewCell */ = {
			isa = PBXGroup;
			children = (
				45F079CA2C6B5C5C006A5E23 /* WeatherHomeScreenTableViewCell.swift */,
				45F079CC2C6B5C72006A5E23 /* WeatherHomeScreenTableViewCell.xib */,
			);
			path = TableViewCell;
			sourceTree = "<group>";
		};
		45F079CE2C6E6CC7006A5E23 /* WeatherFavouritesScreen */ = {
			isa = PBXGroup;
			children = (
				45F079D82C6E6DAD006A5E23 /* WeatherFavouritesScreenTableViewCell */,
				45F079D22C6E6D63006A5E23 /* WeatherFavouritesScreen.storyboard */,
				45F079D42C6E6D79006A5E23 /* WeatherFavouritesScreenViewModel.swift */,
				45F079D62C6E6D9C006A5E23 /* WeatherFavouritesScreenViewController.swift */,
			);
			path = WeatherFavouritesScreen;
			sourceTree = "<group>";
		};
		45F079D82C6E6DAD006A5E23 /* WeatherFavouritesScreenTableViewCell */ = {
			isa = PBXGroup;
			children = (
				45F079D92C6E6DD4006A5E23 /* WeatherFavouritesScreenTableViewCell.swift */,
			);
			path = WeatherFavouritesScreenTableViewCell;
			sourceTree = "<group>";
		};
/* End PBXGroup section */

/* Begin PBXNativeTarget section */
		45F0797E2C6B383A006A5E23 /* MyWeather */ = {
			isa = PBXNativeTarget;
			buildConfigurationList = 45F079AC2C6B383C006A5E23 /* Build configuration list for PBXNativeTarget "MyWeather" */;
			buildPhases = (
				45F0797B2C6B383A006A5E23 /* Sources */,
				45F0797C2C6B383A006A5E23 /* Frameworks */,
				45F0797D2C6B383A006A5E23 /* Resources */,
			);
			buildRules = (
			);
			dependencies = (
			);
			name = MyWeather;
			productName = MyWeather;
			productReference = 45F0797F2C6B383A006A5E23 /* MyWeather.app */;
			productType = "com.apple.product-type.application";
		};
		45F079972C6B383C006A5E23 /* MyWeatherTests */ = {
			isa = PBXNativeTarget;
			buildConfigurationList = 45F079AF2C6B383C006A5E23 /* Build configuration list for PBXNativeTarget "MyWeatherTests" */;
			buildPhases = (
				45F079942C6B383C006A5E23 /* Sources */,
				45F079952C6B383C006A5E23 /* Frameworks */,
				45F079962C6B383C006A5E23 /* Resources */,
			);
			buildRules = (
			);
			dependencies = (
				45F0799A2C6B383C006A5E23 /* PBXTargetDependency */,
			);
			name = MyWeatherTests;
			productName = MyWeatherTests;
			productReference = 45F079982C6B383C006A5E23 /* MyWeatherTests.xctest */;
			productType = "com.apple.product-type.bundle.unit-test";
		};
		45F079A12C6B383C006A5E23 /* MyWeatherUITests */ = {
			isa = PBXNativeTarget;
			buildConfigurationList = 45F079B22C6B383C006A5E23 /* Build configuration list for PBXNativeTarget "MyWeatherUITests" */;
			buildPhases = (
				45F0799E2C6B383C006A5E23 /* Sources */,
				45F0799F2C6B383C006A5E23 /* Frameworks */,
				45F079A02C6B383C006A5E23 /* Resources */,
			);
			buildRules = (
			);
			dependencies = (
				45F079A42C6B383C006A5E23 /* PBXTargetDependency */,
			);
			name = MyWeatherUITests;
			productName = MyWeatherUITests;
			productReference = 45F079A22C6B383C006A5E23 /* MyWeatherUITests.xctest */;
			productType = "com.apple.product-type.bundle.ui-testing";
		};
/* End PBXNativeTarget section */

/* Begin PBXProject section */
		45F079772C6B383A006A5E23 /* Project object */ = {
			isa = PBXProject;
			attributes = {
				BuildIndependentTargetsInParallel = 1;
				LastSwiftUpdateCheck = 1520;
				LastUpgradeCheck = 1520;
				TargetAttributes = {
					45F0797E2C6B383A006A5E23 = {
						CreatedOnToolsVersion = 15.2;
					};
					45F079972C6B383C006A5E23 = {
						CreatedOnToolsVersion = 15.2;
						TestTargetID = 45F0797E2C6B383A006A5E23;
					};
					45F079A12C6B383C006A5E23 = {
						CreatedOnToolsVersion = 15.2;
						TestTargetID = 45F0797E2C6B383A006A5E23;
					};
				};
			};
			buildConfigurationList = 45F0797A2C6B383A006A5E23 /* Build configuration list for PBXProject "MyWeather" */;
			compatibilityVersion = "Xcode 14.0";
			developmentRegion = en;
			hasScannedForEncodings = 0;
			knownRegions = (
				en,
				Base,
			);
			mainGroup = 45F079762C6B383A006A5E23;
			productRefGroup = 45F079802C6B383A006A5E23 /* Products */;
			projectDirPath = "";
			projectRoot = "";
			targets = (
				45F0797E2C6B383A006A5E23 /* MyWeather */,
				45F079972C6B383C006A5E23 /* MyWeatherTests */,
				45F079A12C6B383C006A5E23 /* MyWeatherUITests */,
			);
		};
/* End PBXProject section */

/* Begin PBXResourcesBuildPhase section */
		45F0797D2C6B383A006A5E23 /* Resources */ = {
			isa = PBXResourcesBuildPhase;
			buildActionMask = 2147483647;
			files = (
				45F079C82C6B5C04006A5E23 /* WeatherHomeScreen.storyboard in Resources */,
				45F079922C6B383C006A5E23 /* LaunchScreen.storyboard in Resources */,
				45F0798F2C6B383C006A5E23 /* Assets.xcassets in Resources */,
				45F0798A2C6B383A006A5E23 /* Main.storyboard in Resources */,
				45F079CD2C6B5C72006A5E23 /* WeatherHomeScreenTableViewCell.xib in Resources */,
				45F079D32C6E6D63006A5E23 /* WeatherFavouritesScreen.storyboard in Resources */,
			);
			runOnlyForDeploymentPostprocessing = 0;
		};
		45F079962C6B383C006A5E23 /* Resources */ = {
			isa = PBXResourcesBuildPhase;
			buildActionMask = 2147483647;
			files = (
			);
			runOnlyForDeploymentPostprocessing = 0;
		};
		45F079A02C6B383C006A5E23 /* Resources */ = {
			isa = PBXResourcesBuildPhase;
			buildActionMask = 2147483647;
			files = (
			);
			runOnlyForDeploymentPostprocessing = 0;
		};
/* End PBXResourcesBuildPhase section */

/* Begin PBXSourcesBuildPhase section */
		45F0797B2C6B383A006A5E23 /* Sources */ = {
			isa = PBXSourcesBuildPhase;
			buildActionMask = 2147483647;
			files = (
				45F0798D2C6B383A006A5E23 /* MyWeather.xcdatamodeld in Sources */,
				45F079D72C6E6D9C006A5E23 /* WeatherFavouritesScreenViewController.swift in Sources */,
				45F079872C6B383A006A5E23 /* ViewController.swift in Sources */,
				45F079C42C6B5BE2006A5E23 /* WeatherHomeScreenViewController.swift in Sources */,
				45F079832C6B383A006A5E23 /* AppDelegate.swift in Sources */,
				45F079C62C6B5BF3006A5E23 /* WeatherHomeScreenViewModel.swift in Sources */,
				45F079B72C6B424E006A5E23 /* Service Errors.swift in Sources */,
				45F079C22C6B5BBC006A5E23 /* WeatherHomeScreenModel.swift in Sources */,
				45F079852C6B383A006A5E23 /* SceneDelegate.swift in Sources */,
				45F079D52C6E6D79006A5E23 /* WeatherFavouritesScreenViewModel.swift in Sources */,
				45F079B92C6B4257006A5E23 /* Constants.swift in Sources */,
				45F079BC2C6B426D006A5E23 /* API Handler.swift in Sources */,
				45F079C02C6B5B9C006A5E23 /* WeatherHomeScreenRepository.swift in Sources */,
				45F079CB2C6B5C5C006A5E23 /* WeatherHomeScreenTableViewCell.swift in Sources */,
				45F079DA2C6E6DD4006A5E23 /* WeatherFavouritesScreenTableViewCell.swift in Sources */,
			);
			runOnlyForDeploymentPostprocessing = 0;
		};
		45F079942C6B383C006A5E23 /* Sources */ = {
			isa = PBXSourcesBuildPhase;
			buildActionMask = 2147483647;
			files = (
				45F0799D2C6B383C006A5E23 /* MyWeatherTests.swift in Sources */,
			);
			runOnlyForDeploymentPostprocessing = 0;
		};
		45F0799E2C6B383C006A5E23 /* Sources */ = {
			isa = PBXSourcesBuildPhase;
			buildActionMask = 2147483647;
			files = (
				45F079A72C6B383C006A5E23 /* MyWeatherUITests.swift in Sources */,
				45F079A92C6B383C006A5E23 /* MyWeatherUITestsLaunchTests.swift in Sources */,
			);
			runOnlyForDeploymentPostprocessing = 0;
		};
/* End PBXSourcesBuildPhase section */

/* Begin PBXTargetDependency section */
		45F0799A2C6B383C006A5E23 /* PBXTargetDependency */ = {
			isa = PBXTargetDependency;
			target = 45F0797E2C6B383A006A5E23 /* MyWeather */;
			targetProxy = 45F079992C6B383C006A5E23 /* PBXContainerItemProxy */;
		};
		45F079A42C6B383C006A5E23 /* PBXTargetDependency */ = {
			isa = PBXTargetDependency;
			target = 45F0797E2C6B383A006A5E23 /* MyWeather */;
			targetProxy = 45F079A32C6B383C006A5E23 /* PBXContainerItemProxy */;
		};
/* End PBXTargetDependency section */

/* Begin PBXVariantGroup section */
		45F079882C6B383A006A5E23 /* Main.storyboard */ = {
			isa = PBXVariantGroup;
			children = (
				45F079892C6B383A006A5E23 /* Base */,
			);
			name = Main.storyboard;
			sourceTree = "<group>";
		};
		45F079902C6B383C006A5E23 /* LaunchScreen.storyboard */ = {
			isa = PBXVariantGroup;
			children = (
				45F079912C6B383C006A5E23 /* Base */,
			);
			name = LaunchScreen.storyboard;
			sourceTree = "<group>";
		};
/* End PBXVariantGroup section */

/* Begin XCBuildConfiguration section */
		45F079AA2C6B383C006A5E23 /* Debug */ = {
			isa = XCBuildConfiguration;
			buildSettings = {
				ALWAYS_SEARCH_USER_PATHS = NO;
				ASSETCATALOG_COMPILER_GENERATE_SWIFT_ASSET_SYMBOL_EXTENSIONS = YES;
				CLANG_ANALYZER_NONNULL = YES;
				CLANG_ANALYZER_NUMBER_OBJECT_CONVERSION = YES_AGGRESSIVE;
				CLANG_CXX_LANGUAGE_STANDARD = "gnu++20";
				CLANG_ENABLE_MODULES = YES;
				CLANG_ENABLE_OBJC_ARC = YES;
				CLANG_ENABLE_OBJC_WEAK = YES;
				CLANG_WARN_BLOCK_CAPTURE_AUTORELEASING = YES;
				CLANG_WARN_BOOL_CONVERSION = YES;
				CLANG_WARN_COMMA = YES;
				CLANG_WARN_CONSTANT_CONVERSION = YES;
				CLANG_WARN_DEPRECATED_OBJC_IMPLEMENTATIONS = YES;
				CLANG_WARN_DIRECT_OBJC_ISA_USAGE = YES_ERROR;
				CLANG_WARN_DOCUMENTATION_COMMENTS = YES;
				CLANG_WARN_EMPTY_BODY = YES;
				CLANG_WARN_ENUM_CONVERSION = YES;
				CLANG_WARN_INFINITE_RECURSION = YES;
				CLANG_WARN_INT_CONVERSION = YES;
				CLANG_WARN_NON_LITERAL_NULL_CONVERSION = YES;
				CLANG_WARN_OBJC_IMPLICIT_RETAIN_SELF = YES;
				CLANG_WARN_OBJC_LITERAL_CONVERSION = YES;
				CLANG_WARN_OBJC_ROOT_CLASS = YES_ERROR;
				CLANG_WARN_QUOTED_INCLUDE_IN_FRAMEWORK_HEADER = YES;
				CLANG_WARN_RANGE_LOOP_ANALYSIS = YES;
				CLANG_WARN_STRICT_PROTOTYPES = YES;
				CLANG_WARN_SUSPICIOUS_MOVE = YES;
				CLANG_WARN_UNGUARDED_AVAILABILITY = YES_AGGRESSIVE;
				CLANG_WARN_UNREACHABLE_CODE = YES;
				CLANG_WARN__DUPLICATE_METHOD_MATCH = YES;
				COPY_PHASE_STRIP = NO;
				DEBUG_INFORMATION_FORMAT = dwarf;
				ENABLE_STRICT_OBJC_MSGSEND = YES;
				ENABLE_TESTABILITY = YES;
				ENABLE_USER_SCRIPT_SANDBOXING = YES;
				GCC_C_LANGUAGE_STANDARD = gnu17;
				GCC_DYNAMIC_NO_PIC = NO;
				GCC_NO_COMMON_BLOCKS = YES;
				GCC_OPTIMIZATION_LEVEL = 0;
				GCC_PREPROCESSOR_DEFINITIONS = (
					"DEBUG=1",
					"$(inherited)",
				);
				GCC_WARN_64_TO_32_BIT_CONVERSION = YES;
				GCC_WARN_ABOUT_RETURN_TYPE = YES_ERROR;
				GCC_WARN_UNDECLARED_SELECTOR = YES;
				GCC_WARN_UNINITIALIZED_AUTOS = YES_AGGRESSIVE;
				GCC_WARN_UNUSED_FUNCTION = YES;
				GCC_WARN_UNUSED_VARIABLE = YES;
				IPHONEOS_DEPLOYMENT_TARGET = 17.2;
				LOCALIZATION_PREFERS_STRING_CATALOGS = YES;
				MTL_ENABLE_DEBUG_INFO = INCLUDE_SOURCE;
				MTL_FAST_MATH = YES;
				ONLY_ACTIVE_ARCH = YES;
				SDKROOT = iphoneos;
				SWIFT_ACTIVE_COMPILATION_CONDITIONS = "DEBUG $(inherited)";
				SWIFT_OPTIMIZATION_LEVEL = "-Onone";
			};
			name = Debug;
		};
		45F079AB2C6B383C006A5E23 /* Release */ = {
			isa = XCBuildConfiguration;
			buildSettings = {
				ALWAYS_SEARCH_USER_PATHS = NO;
				ASSETCATALOG_COMPILER_GENERATE_SWIFT_ASSET_SYMBOL_EXTENSIONS = YES;
				CLANG_ANALYZER_NONNULL = YES;
				CLANG_ANALYZER_NUMBER_OBJECT_CONVERSION = YES_AGGRESSIVE;
				CLANG_CXX_LANGUAGE_STANDARD = "gnu++20";
				CLANG_ENABLE_MODULES = YES;
				CLANG_ENABLE_OBJC_ARC = YES;
				CLANG_ENABLE_OBJC_WEAK = YES;
				CLANG_WARN_BLOCK_CAPTURE_AUTORELEASING = YES;
				CLANG_WARN_BOOL_CONVERSION = YES;
				CLANG_WARN_COMMA = YES;
				CLANG_WARN_CONSTANT_CONVERSION = YES;
				CLANG_WARN_DEPRECATED_OBJC_IMPLEMENTATIONS = YES;
				CLANG_WARN_DIRECT_OBJC_ISA_USAGE = YES_ERROR;
				CLANG_WARN_DOCUMENTATION_COMMENTS = YES;
				CLANG_WARN_EMPTY_BODY = YES;
				CLANG_WARN_ENUM_CONVERSION = YES;
				CLANG_WARN_INFINITE_RECURSION = YES;
				CLANG_WARN_INT_CONVERSION = YES;
				CLANG_WARN_NON_LITERAL_NULL_CONVERSION = YES;
				CLANG_WARN_OBJC_IMPLICIT_RETAIN_SELF = YES;
				CLANG_WARN_OBJC_LITERAL_CONVERSION = YES;
				CLANG_WARN_OBJC_ROOT_CLASS = YES_ERROR;
				CLANG_WARN_QUOTED_INCLUDE_IN_FRAMEWORK_HEADER = YES;
				CLANG_WARN_RANGE_LOOP_ANALYSIS = YES;
				CLANG_WARN_STRICT_PROTOTYPES = YES;
				CLANG_WARN_SUSPICIOUS_MOVE = YES;
				CLANG_WARN_UNGUARDED_AVAILABILITY = YES_AGGRESSIVE;
				CLANG_WARN_UNREACHABLE_CODE = YES;
				CLANG_WARN__DUPLICATE_METHOD_MATCH = YES;
				COPY_PHASE_STRIP = NO;
				DEBUG_INFORMATION_FORMAT = "dwarf-with-dsym";
				ENABLE_NS_ASSERTIONS = NO;
				ENABLE_STRICT_OBJC_MSGSEND = YES;
				ENABLE_USER_SCRIPT_SANDBOXING = YES;
				GCC_C_LANGUAGE_STANDARD = gnu17;
				GCC_NO_COMMON_BLOCKS = YES;
				GCC_WARN_64_TO_32_BIT_CONVERSION = YES;
				GCC_WARN_ABOUT_RETURN_TYPE = YES_ERROR;
				GCC_WARN_UNDECLARED_SELECTOR = YES;
				GCC_WARN_UNINITIALIZED_AUTOS = YES_AGGRESSIVE;
				GCC_WARN_UNUSED_FUNCTION = YES;
				GCC_WARN_UNUSED_VARIABLE = YES;
				IPHONEOS_DEPLOYMENT_TARGET = 17.2;
				LOCALIZATION_PREFERS_STRING_CATALOGS = YES;
				MTL_ENABLE_DEBUG_INFO = NO;
				MTL_FAST_MATH = YES;
				SDKROOT = iphoneos;
				SWIFT_COMPILATION_MODE = wholemodule;
				VALIDATE_PRODUCT = YES;
			};
			name = Release;
		};
		45F079AD2C6B383C006A5E23 /* Debug */ = {
			isa = XCBuildConfiguration;
			buildSettings = {
				ASSETCATALOG_COMPILER_APPICON_NAME = AppIcon;
				ASSETCATALOG_COMPILER_GLOBAL_ACCENT_COLOR_NAME = AccentColor;
				CODE_SIGN_STYLE = Automatic;
				CURRENT_PROJECT_VERSION = 1;
				DEVELOPMENT_TEAM = K59C97HYKW;
				GENERATE_INFOPLIST_FILE = YES;
				INFOPLIST_FILE = MyWeather/Info.plist;
				INFOPLIST_KEY_UIApplicationSupportsIndirectInputEvents = YES;
				INFOPLIST_KEY_UILaunchStoryboardName = LaunchScreen;
				INFOPLIST_KEY_UIMainStoryboardFile = Main;
				INFOPLIST_KEY_UISupportedInterfaceOrientations_iPad = "UIInterfaceOrientationPortrait UIInterfaceOrientationPortraitUpsideDown UIInterfaceOrientationLandscapeLeft UIInterfaceOrientationLandscapeRight";
				INFOPLIST_KEY_UISupportedInterfaceOrientations_iPhone = "UIInterfaceOrientationPortrait UIInterfaceOrientationLandscapeLeft UIInterfaceOrientationLandscapeRight";
				LD_RUNPATH_SEARCH_PATHS = (
					"$(inherited)",
					"@executable_path/Frameworks",
				);
				MARKETING_VERSION = 1.0;
				PRODUCT_BUNDLE_IDENTIFIER = com.dvt.kiasharangasamy.MyWeather;
				PRODUCT_NAME = "$(TARGET_NAME)";
				SWIFT_EMIT_LOC_STRINGS = YES;
				SWIFT_VERSION = 5.0;
				TARGETED_DEVICE_FAMILY = "1,2";
			};
			name = Debug;
		};
		45F079AE2C6B383C006A5E23 /* Release */ = {
			isa = XCBuildConfiguration;
			buildSettings = {
				ASSETCATALOG_COMPILER_APPICON_NAME = AppIcon;
				ASSETCATALOG_COMPILER_GLOBAL_ACCENT_COLOR_NAME = AccentColor;
				CODE_SIGN_STYLE = Automatic;
				CURRENT_PROJECT_VERSION = 1;
				DEVELOPMENT_TEAM = K59C97HYKW;
				GENERATE_INFOPLIST_FILE = YES;
				INFOPLIST_FILE = MyWeather/Info.plist;
				INFOPLIST_KEY_UIApplicationSupportsIndirectInputEvents = YES;
				INFOPLIST_KEY_UILaunchStoryboardName = LaunchScreen;
				INFOPLIST_KEY_UIMainStoryboardFile = Main;
				INFOPLIST_KEY_UISupportedInterfaceOrientations_iPad = "UIInterfaceOrientationPortrait UIInterfaceOrientationPortraitUpsideDown UIInterfaceOrientationLandscapeLeft UIInterfaceOrientationLandscapeRight";
				INFOPLIST_KEY_UISupportedInterfaceOrientations_iPhone = "UIInterfaceOrientationPortrait UIInterfaceOrientationLandscapeLeft UIInterfaceOrientationLandscapeRight";
				LD_RUNPATH_SEARCH_PATHS = (
					"$(inherited)",
					"@executable_path/Frameworks",
				);
				MARKETING_VERSION = 1.0;
				PRODUCT_BUNDLE_IDENTIFIER = com.dvt.kiasharangasamy.MyWeather;
				PRODUCT_NAME = "$(TARGET_NAME)";
				SWIFT_EMIT_LOC_STRINGS = YES;
				SWIFT_VERSION = 5.0;
				TARGETED_DEVICE_FAMILY = "1,2";
			};
			name = Release;
		};
		45F079B02C6B383C006A5E23 /* Debug */ = {
			isa = XCBuildConfiguration;
			buildSettings = {
				ALWAYS_EMBED_SWIFT_STANDARD_LIBRARIES = YES;
				BUNDLE_LOADER = "$(TEST_HOST)";
				CODE_SIGN_STYLE = Automatic;
				CURRENT_PROJECT_VERSION = 1;
				DEVELOPMENT_TEAM = K59C97HYKW;
				GENERATE_INFOPLIST_FILE = YES;
				IPHONEOS_DEPLOYMENT_TARGET = 17.2;
				MARKETING_VERSION = 1.0;
				PRODUCT_BUNDLE_IDENTIFIER = com.dvt.kiasharangasamy.MyWeatherTests;
				PRODUCT_NAME = "$(TARGET_NAME)";
				SWIFT_EMIT_LOC_STRINGS = NO;
				SWIFT_VERSION = 5.0;
				TARGETED_DEVICE_FAMILY = "1,2";
				TEST_HOST = "$(BUILT_PRODUCTS_DIR)/MyWeather.app/$(BUNDLE_EXECUTABLE_FOLDER_PATH)/MyWeather";
			};
			name = Debug;
		};
		45F079B12C6B383C006A5E23 /* Release */ = {
			isa = XCBuildConfiguration;
			buildSettings = {
				ALWAYS_EMBED_SWIFT_STANDARD_LIBRARIES = YES;
				BUNDLE_LOADER = "$(TEST_HOST)";
				CODE_SIGN_STYLE = Automatic;
				CURRENT_PROJECT_VERSION = 1;
				DEVELOPMENT_TEAM = K59C97HYKW;
				GENERATE_INFOPLIST_FILE = YES;
				IPHONEOS_DEPLOYMENT_TARGET = 17.2;
				MARKETING_VERSION = 1.0;
				PRODUCT_BUNDLE_IDENTIFIER = com.dvt.kiasharangasamy.MyWeatherTests;
				PRODUCT_NAME = "$(TARGET_NAME)";
				SWIFT_EMIT_LOC_STRINGS = NO;
				SWIFT_VERSION = 5.0;
				TARGETED_DEVICE_FAMILY = "1,2";
				TEST_HOST = "$(BUILT_PRODUCTS_DIR)/MyWeather.app/$(BUNDLE_EXECUTABLE_FOLDER_PATH)/MyWeather";
			};
			name = Release;
		};
		45F079B32C6B383C006A5E23 /* Debug */ = {
			isa = XCBuildConfiguration;
			buildSettings = {
				ALWAYS_EMBED_SWIFT_STANDARD_LIBRARIES = YES;
				CODE_SIGN_STYLE = Automatic;
				CURRENT_PROJECT_VERSION = 1;
				DEVELOPMENT_TEAM = K59C97HYKW;
				GENERATE_INFOPLIST_FILE = YES;
				MARKETING_VERSION = 1.0;
				PRODUCT_BUNDLE_IDENTIFIER = com.dvt.kiasharangasamy.MyWeatherUITests;
				PRODUCT_NAME = "$(TARGET_NAME)";
				SWIFT_EMIT_LOC_STRINGS = NO;
				SWIFT_VERSION = 5.0;
				TARGETED_DEVICE_FAMILY = "1,2";
				TEST_TARGET_NAME = MyWeather;
			};
			name = Debug;
		};
		45F079B42C6B383C006A5E23 /* Release */ = {
			isa = XCBuildConfiguration;
			buildSettings = {
				ALWAYS_EMBED_SWIFT_STANDARD_LIBRARIES = YES;
				CODE_SIGN_STYLE = Automatic;
				CURRENT_PROJECT_VERSION = 1;
				DEVELOPMENT_TEAM = K59C97HYKW;
				GENERATE_INFOPLIST_FILE = YES;
				MARKETING_VERSION = 1.0;
				PRODUCT_BUNDLE_IDENTIFIER = com.dvt.kiasharangasamy.MyWeatherUITests;
				PRODUCT_NAME = "$(TARGET_NAME)";
				SWIFT_EMIT_LOC_STRINGS = NO;
				SWIFT_VERSION = 5.0;
				TARGETED_DEVICE_FAMILY = "1,2";
				TEST_TARGET_NAME = MyWeather;
			};
			name = Release;
		};
/* End XCBuildConfiguration section */

/* Begin XCConfigurationList section */
		45F0797A2C6B383A006A5E23 /* Build configuration list for PBXProject "MyWeather" */ = {
			isa = XCConfigurationList;
			buildConfigurations = (
				45F079AA2C6B383C006A5E23 /* Debug */,
				45F079AB2C6B383C006A5E23 /* Release */,
			);
			defaultConfigurationIsVisible = 0;
			defaultConfigurationName = Release;
		};
		45F079AC2C6B383C006A5E23 /* Build configuration list for PBXNativeTarget "MyWeather" */ = {
			isa = XCConfigurationList;
			buildConfigurations = (
				45F079AD2C6B383C006A5E23 /* Debug */,
				45F079AE2C6B383C006A5E23 /* Release */,
			);
			defaultConfigurationIsVisible = 0;
			defaultConfigurationName = Release;
		};
		45F079AF2C6B383C006A5E23 /* Build configuration list for PBXNativeTarget "MyWeatherTests" */ = {
			isa = XCConfigurationList;
			buildConfigurations = (
				45F079B02C6B383C006A5E23 /* Debug */,
				45F079B12C6B383C006A5E23 /* Release */,
			);
			defaultConfigurationIsVisible = 0;
			defaultConfigurationName = Release;
		};
		45F079B22C6B383C006A5E23 /* Build configuration list for PBXNativeTarget "MyWeatherUITests" */ = {
			isa = XCConfigurationList;
			buildConfigurations = (
				45F079B32C6B383C006A5E23 /* Debug */,
				45F079B42C6B383C006A5E23 /* Release */,
			);
			defaultConfigurationIsVisible = 0;
			defaultConfigurationName = Release;
		};
/* End XCConfigurationList section */

/* Begin XCVersionGroup section */
		45F0798B2C6B383A006A5E23 /* MyWeather.xcdatamodeld */ = {
			isa = XCVersionGroup;
			children = (
				45F0798C2C6B383A006A5E23 /* MyWeather.xcdatamodel */,
			);
			currentVersion = 45F0798C2C6B383A006A5E23 /* MyWeather.xcdatamodel */;
			path = MyWeather.xcdatamodeld;
			sourceTree = "<group>";
			versionGroupType = wrapper.xcdatamodel;
		};
/* End XCVersionGroup section */
	};
	rootObject = 45F079772C6B383A006A5E23 /* Project object */;
}
